// !$*UTF8*$!
{
	archiveVersion = 1;
	classes = {
	};
	objectVersion = 56;
	objects = {

/* Begin PBXBuildFile section */
		02178D932B2932CC0044D022 /* InventoryManageriOSApp.swift in Sources */ = {isa = PBXBuildFile; fileRef = 02178D922B2932CC0044D022 /* InventoryManageriOSApp.swift */; };
		02178D952B2932CC0044D022 /* OnboardingView.swift in Sources */ = {isa = PBXBuildFile; fileRef = 02178D942B2932CC0044D022 /* OnboardingView.swift */; };
		02178D972B2932CE0044D022 /* Assets.xcassets in Resources */ = {isa = PBXBuildFile; fileRef = 02178D962B2932CE0044D022 /* Assets.xcassets */; };
		02178D9A2B2932CE0044D022 /* Preview Assets.xcassets in Resources */ = {isa = PBXBuildFile; fileRef = 02178D992B2932CE0044D022 /* Preview Assets.xcassets */; };
		02178DA42B2932CE0044D022 /* InventoryManageriOSTests.swift in Sources */ = {isa = PBXBuildFile; fileRef = 02178DA32B2932CE0044D022 /* InventoryManageriOSTests.swift */; };
		02178DAE2B2932CE0044D022 /* InventoryManageriOSUITests.swift in Sources */ = {isa = PBXBuildFile; fileRef = 02178DAD2B2932CE0044D022 /* InventoryManageriOSUITests.swift */; };
		02178DB02B2932CE0044D022 /* InventoryManageriOSUITestsLaunchTests.swift in Sources */ = {isa = PBXBuildFile; fileRef = 02178DAF2B2932CE0044D022 /* InventoryManageriOSUITestsLaunchTests.swift */; };
		02178DC02B2943860044D022 /* OnboardingViewModel.swift in Sources */ = {isa = PBXBuildFile; fileRef = 02178DBF2B2943860044D022 /* OnboardingViewModel.swift */; };
/* End PBXBuildFile section */

/* Begin PBXContainerItemProxy section */
		02178DA02B2932CE0044D022 /* PBXContainerItemProxy */ = {
			isa = PBXContainerItemProxy;
			containerPortal = 02178D872B2932CC0044D022 /* Project object */;
			proxyType = 1;
			remoteGlobalIDString = 02178D8E2B2932CC0044D022;
			remoteInfo = InventoryManageriOS;
		};
		02178DAA2B2932CE0044D022 /* PBXContainerItemProxy */ = {
			isa = PBXContainerItemProxy;
			containerPortal = 02178D872B2932CC0044D022 /* Project object */;
			proxyType = 1;
			remoteGlobalIDString = 02178D8E2B2932CC0044D022;
			remoteInfo = InventoryManageriOS;
		};
/* End PBXContainerItemProxy section */

/* Begin PBXFileReference section */
		02178D8F2B2932CC0044D022 /* InventoryManageriOS.app */ = {isa = PBXFileReference; explicitFileType = wrapper.application; includeInIndex = 0; path = InventoryManageriOS.app; sourceTree = BUILT_PRODUCTS_DIR; };
		02178D922B2932CC0044D022 /* InventoryManageriOSApp.swift */ = {isa = PBXFileReference; lastKnownFileType = sourcecode.swift; path = InventoryManageriOSApp.swift; sourceTree = "<group>"; };
		02178D942B2932CC0044D022 /* OnboardingView.swift */ = {isa = PBXFileReference; lastKnownFileType = sourcecode.swift; path = OnboardingView.swift; sourceTree = "<group>"; };
		02178D962B2932CE0044D022 /* Assets.xcassets */ = {isa = PBXFileReference; lastKnownFileType = folder.assetcatalog; path = Assets.xcassets; sourceTree = "<group>"; };
		02178D992B2932CE0044D022 /* Preview Assets.xcassets */ = {isa = PBXFileReference; lastKnownFileType = folder.assetcatalog; path = "Preview Assets.xcassets"; sourceTree = "<group>"; };
		02178D9F2B2932CE0044D022 /* InventoryManageriOSTests.xctest */ = {isa = PBXFileReference; explicitFileType = wrapper.cfbundle; includeInIndex = 0; path = InventoryManageriOSTests.xctest; sourceTree = BUILT_PRODUCTS_DIR; };
		02178DA32B2932CE0044D022 /* InventoryManageriOSTests.swift */ = {isa = PBXFileReference; lastKnownFileType = sourcecode.swift; path = InventoryManageriOSTests.swift; sourceTree = "<group>"; };
		02178DA92B2932CE0044D022 /* InventoryManageriOSUITests.xctest */ = {isa = PBXFileReference; explicitFileType = wrapper.cfbundle; includeInIndex = 0; path = InventoryManageriOSUITests.xctest; sourceTree = BUILT_PRODUCTS_DIR; };
		02178DAD2B2932CE0044D022 /* InventoryManageriOSUITests.swift */ = {isa = PBXFileReference; lastKnownFileType = sourcecode.swift; path = InventoryManageriOSUITests.swift; sourceTree = "<group>"; };
		02178DAF2B2932CE0044D022 /* InventoryManageriOSUITestsLaunchTests.swift */ = {isa = PBXFileReference; lastKnownFileType = sourcecode.swift; path = InventoryManageriOSUITestsLaunchTests.swift; sourceTree = "<group>"; };
		02178DBF2B2943860044D022 /* OnboardingViewModel.swift */ = {isa = PBXFileReference; lastKnownFileType = sourcecode.swift; path = OnboardingViewModel.swift; sourceTree = "<group>"; };
/* End PBXFileReference section */

/* Begin PBXFrameworksBuildPhase section */
		02178D8C2B2932CC0044D022 /* Frameworks */ = {
			isa = PBXFrameworksBuildPhase;
			buildActionMask = 2147483647;
			files = (
			);
			runOnlyForDeploymentPostprocessing = 0;
		};
		02178D9C2B2932CE0044D022 /* Frameworks */ = {
			isa = PBXFrameworksBuildPhase;
			buildActionMask = 2147483647;
			files = (
			);
			runOnlyForDeploymentPostprocessing = 0;
		};
		02178DA62B2932CE0044D022 /* Frameworks */ = {
			isa = PBXFrameworksBuildPhase;
			buildActionMask = 2147483647;
			files = (
			);
			runOnlyForDeploymentPostprocessing = 0;
		};
/* End PBXFrameworksBuildPhase section */

/* Begin PBXGroup section */
		02178D862B2932CC0044D022 = {
			isa = PBXGroup;
			children = (
				02178D912B2932CC0044D022 /* InventoryManageriOS */,
				02178DA22B2932CE0044D022 /* InventoryManageriOSTests */,
				02178DAC2B2932CE0044D022 /* InventoryManageriOSUITests */,
				02178D902B2932CC0044D022 /* Products */,
			);
			sourceTree = "<group>";
		};
		02178D902B2932CC0044D022 /* Products */ = {
			isa = PBXGroup;
			children = (
				02178D8F2B2932CC0044D022 /* InventoryManageriOS.app */,
				02178D9F2B2932CE0044D022 /* InventoryManageriOSTests.xctest */,
				02178DA92B2932CE0044D022 /* InventoryManageriOSUITests.xctest */,
			);
			name = Products;
			sourceTree = "<group>";
		};
		02178D912B2932CC0044D022 /* InventoryManageriOS */ = {
			isa = PBXGroup;
			children = (
				02178DBD2B2943610044D022 /* Onboarding */,
				02178D922B2932CC0044D022 /* InventoryManageriOSApp.swift */,
				02178D962B2932CE0044D022 /* Assets.xcassets */,
				02178D982B2932CE0044D022 /* Preview Content */,
			);
			path = InventoryManageriOS;
			sourceTree = "<group>";
		};
		02178D982B2932CE0044D022 /* Preview Content */ = {
			isa = PBXGroup;
			children = (
				02178D992B2932CE0044D022 /* Preview Assets.xcassets */,
			);
			path = "Preview Content";
			sourceTree = "<group>";
		};
		02178DA22B2932CE0044D022 /* InventoryManageriOSTests */ = {
			isa = PBXGroup;
			children = (
				02178DA32B2932CE0044D022 /* InventoryManageriOSTests.swift */,
			);
			path = InventoryManageriOSTests;
			sourceTree = "<group>";
		};
		02178DAC2B2932CE0044D022 /* InventoryManageriOSUITests */ = {
			isa = PBXGroup;
			children = (
				02178DAD2B2932CE0044D022 /* InventoryManageriOSUITests.swift */,
				02178DAF2B2932CE0044D022 /* InventoryManageriOSUITestsLaunchTests.swift */,
			);
			path = InventoryManageriOSUITests;
			sourceTree = "<group>";
		};
		02178DBD2B2943610044D022 /* Onboarding */ = {
			isa = PBXGroup;
			children = (
				02178D942B2932CC0044D022 /* OnboardingView.swift */,
				02178DBF2B2943860044D022 /* OnboardingViewModel.swift */,
			);
			path = Onboarding;
			sourceTree = "<group>";
		};
/* End PBXGroup section */

/* Begin PBXNativeTarget section */
		02178D8E2B2932CC0044D022 /* InventoryManageriOS */ = {
			isa = PBXNativeTarget;
			buildConfigurationList = 02178DB32B2932CE0044D022 /* Build configuration list for PBXNativeTarget "InventoryManageriOS" */;
			buildPhases = (
				02178D8B2B2932CC0044D022 /* Sources */,
				02178D8C2B2932CC0044D022 /* Frameworks */,
				02178D8D2B2932CC0044D022 /* Resources */,
			);
			buildRules = (
			);
			dependencies = (
			);
			name = InventoryManageriOS;
			productName = InventoryManageriOS;
			productReference = 02178D8F2B2932CC0044D022 /* InventoryManageriOS.app */;
			productType = "com.apple.product-type.application";
		};
		02178D9E2B2932CE0044D022 /* InventoryManageriOSTests */ = {
			isa = PBXNativeTarget;
			buildConfigurationList = 02178DB62B2932CE0044D022 /* Build configuration list for PBXNativeTarget "InventoryManageriOSTests" */;
			buildPhases = (
				02178D9B2B2932CE0044D022 /* Sources */,
				02178D9C2B2932CE0044D022 /* Frameworks */,
				02178D9D2B2932CE0044D022 /* Resources */,
			);
			buildRules = (
			);
			dependencies = (
				02178DA12B2932CE0044D022 /* PBXTargetDependency */,
			);
			name = InventoryManageriOSTests;
			productName = InventoryManageriOSTests;
			productReference = 02178D9F2B2932CE0044D022 /* InventoryManageriOSTests.xctest */;
			productType = "com.apple.product-type.bundle.unit-test";
		};
		02178DA82B2932CE0044D022 /* InventoryManageriOSUITests */ = {
			isa = PBXNativeTarget;
			buildConfigurationList = 02178DB92B2932CE0044D022 /* Build configuration list for PBXNativeTarget "InventoryManageriOSUITests" */;
			buildPhases = (
				02178DA52B2932CE0044D022 /* Sources */,
				02178DA62B2932CE0044D022 /* Frameworks */,
				02178DA72B2932CE0044D022 /* Resources */,
			);
			buildRules = (
			);
			dependencies = (
				02178DAB2B2932CE0044D022 /* PBXTargetDependency */,
			);
			name = InventoryManageriOSUITests;
			productName = InventoryManageriOSUITests;
			productReference = 02178DA92B2932CE0044D022 /* InventoryManageriOSUITests.xctest */;
			productType = "com.apple.product-type.bundle.ui-testing";
		};
/* End PBXNativeTarget section */

/* Begin PBXProject section */
		02178D872B2932CC0044D022 /* Project object */ = {
			isa = PBXProject;
			attributes = {
				BuildIndependentTargetsInParallel = 1;
				LastSwiftUpdateCheck = 1510;
				LastUpgradeCheck = 1510;
				TargetAttributes = {
					02178D8E2B2932CC0044D022 = {
						CreatedOnToolsVersion = 15.1;
					};
					02178D9E2B2932CE0044D022 = {
						CreatedOnToolsVersion = 15.1;
						TestTargetID = 02178D8E2B2932CC0044D022;
					};
					02178DA82B2932CE0044D022 = {
						CreatedOnToolsVersion = 15.1;
						TestTargetID = 02178D8E2B2932CC0044D022;
					};
				};
			};
			buildConfigurationList = 02178D8A2B2932CC0044D022 /* Build configuration list for PBXProject "InventoryManageriOS" */;
			compatibilityVersion = "Xcode 14.0";
			developmentRegion = en;
			hasScannedForEncodings = 0;
			knownRegions = (
				en,
				Base,
			);
			mainGroup = 02178D862B2932CC0044D022;
			productRefGroup = 02178D902B2932CC0044D022 /* Products */;
			projectDirPath = "";
			projectRoot = "";
			targets = (
				02178D8E2B2932CC0044D022 /* InventoryManageriOS */,
				02178D9E2B2932CE0044D022 /* InventoryManageriOSTests */,
				02178DA82B2932CE0044D022 /* InventoryManageriOSUITests */,
			);
		};
/* End PBXProject section */

/* Begin PBXResourcesBuildPhase section */
		02178D8D2B2932CC0044D022 /* Resources */ = {
			isa = PBXResourcesBuildPhase;
			buildActionMask = 2147483647;
			files = (
				02178D9A2B2932CE0044D022 /* Preview Assets.xcassets in Resources */,
				02178D972B2932CE0044D022 /* Assets.xcassets in Resources */,
			);
			runOnlyForDeploymentPostprocessing = 0;
		};
		02178D9D2B2932CE0044D022 /* Resources */ = {
			isa = PBXResourcesBuildPhase;
			buildActionMask = 2147483647;
			files = (
			);
			runOnlyForDeploymentPostprocessing = 0;
		};
		02178DA72B2932CE0044D022 /* Resources */ = {
			isa = PBXResourcesBuildPhase;
			buildActionMask = 2147483647;
			files = (
			);
			runOnlyForDeploymentPostprocessing = 0;
		};
/* End PBXResourcesBuildPhase section */

/* Begin PBXSourcesBuildPhase section */
		02178D8B2B2932CC0044D022 /* Sources */ = {
			isa = PBXSourcesBuildPhase;
			buildActionMask = 2147483647;
			files = (
				02178D952B2932CC0044D022 /* OnboardingView.swift in Sources */,
				02178DC02B2943860044D022 /* OnboardingViewModel.swift in Sources */,
				02178D932B2932CC0044D022 /* InventoryManageriOSApp.swift in Sources */,
			);
			runOnlyForDeploymentPostprocessing = 0;
		};
		02178D9B2B2932CE0044D022 /* Sources */ = {
			isa = PBXSourcesBuildPhase;
			buildActionMask = 2147483647;
			files = (
				02178DA42B2932CE0044D022 /* InventoryManageriOSTests.swift in Sources */,
			);
			runOnlyForDeploymentPostprocessing = 0;
		};
		02178DA52B2932CE0044D022 /* Sources */ = {
			isa = PBXSourcesBuildPhase;
			buildActionMask = 2147483647;
			files = (
				02178DAE2B2932CE0044D022 /* InventoryManageriOSUITests.swift in Sources */,
				02178DB02B2932CE0044D022 /* InventoryManageriOSUITestsLaunchTests.swift in Sources */,
			);
			runOnlyForDeploymentPostprocessing = 0;
		};
/* End PBXSourcesBuildPhase section */

/* Begin PBXTargetDependency section */
		02178DA12B2932CE0044D022 /* PBXTargetDependency */ = {
			isa = PBXTargetDependency;
			target = 02178D8E2B2932CC0044D022 /* InventoryManageriOS */;
			targetProxy = 02178DA02B2932CE0044D022 /* PBXContainerItemProxy */;
		};
		02178DAB2B2932CE0044D022 /* PBXTargetDependency */ = {
			isa = PBXTargetDependency;
			target = 02178D8E2B2932CC0044D022 /* InventoryManageriOS */;
			targetProxy = 02178DAA2B2932CE0044D022 /* PBXContainerItemProxy */;
		};
/* End PBXTargetDependency section */

/* Begin XCBuildConfiguration section */
		02178DB12B2932CE0044D022 /* Debug */ = {
			isa = XCBuildConfiguration;
			buildSettings = {
				ALWAYS_SEARCH_USER_PATHS = NO;
				ASSETCATALOG_COMPILER_GENERATE_SWIFT_ASSET_SYMBOL_EXTENSIONS = YES;
				CLANG_ANALYZER_NONNULL = YES;
				CLANG_ANALYZER_NUMBER_OBJECT_CONVERSION = YES_AGGRESSIVE;
				CLANG_CXX_LANGUAGE_STANDARD = "gnu++20";
				CLANG_ENABLE_MODULES = YES;
				CLANG_ENABLE_OBJC_ARC = YES;
				CLANG_ENABLE_OBJC_WEAK = YES;
				CLANG_WARN_BLOCK_CAPTURE_AUTORELEASING = YES;
				CLANG_WARN_BOOL_CONVERSION = YES;
				CLANG_WARN_COMMA = YES;
				CLANG_WARN_CONSTANT_CONVERSION = YES;
				CLANG_WARN_DEPRECATED_OBJC_IMPLEMENTATIONS = YES;
				CLANG_WARN_DIRECT_OBJC_ISA_USAGE = YES_ERROR;
				CLANG_WARN_DOCUMENTATION_COMMENTS = YES;
				CLANG_WARN_EMPTY_BODY = YES;
				CLANG_WARN_ENUM_CONVERSION = YES;
				CLANG_WARN_INFINITE_RECURSION = YES;
				CLANG_WARN_INT_CONVERSION = YES;
				CLANG_WARN_NON_LITERAL_NULL_CONVERSION = YES;
				CLANG_WARN_OBJC_IMPLICIT_RETAIN_SELF = YES;
				CLANG_WARN_OBJC_LITERAL_CONVERSION = YES;
				CLANG_WARN_OBJC_ROOT_CLASS = YES_ERROR;
				CLANG_WARN_QUOTED_INCLUDE_IN_FRAMEWORK_HEADER = YES;
				CLANG_WARN_RANGE_LOOP_ANALYSIS = YES;
				CLANG_WARN_STRICT_PROTOTYPES = YES;
				CLANG_WARN_SUSPICIOUS_MOVE = YES;
				CLANG_WARN_UNGUARDED_AVAILABILITY = YES_AGGRESSIVE;
				CLANG_WARN_UNREACHABLE_CODE = YES;
				CLANG_WARN__DUPLICATE_METHOD_MATCH = YES;
				COPY_PHASE_STRIP = NO;
				DEBUG_INFORMATION_FORMAT = dwarf;
				ENABLE_STRICT_OBJC_MSGSEND = YES;
				ENABLE_TESTABILITY = YES;
				ENABLE_USER_SCRIPT_SANDBOXING = YES;
				GCC_C_LANGUAGE_STANDARD = gnu17;
				GCC_DYNAMIC_NO_PIC = NO;
				GCC_NO_COMMON_BLOCKS = YES;
				GCC_OPTIMIZATION_LEVEL = 0;
				GCC_PREPROCESSOR_DEFINITIONS = (
					"DEBUG=1",
					"$(inherited)",
				);
				GCC_WARN_64_TO_32_BIT_CONVERSION = YES;
				GCC_WARN_ABOUT_RETURN_TYPE = YES_ERROR;
				GCC_WARN_UNDECLARED_SELECTOR = YES;
				GCC_WARN_UNINITIALIZED_AUTOS = YES_AGGRESSIVE;
				GCC_WARN_UNUSED_FUNCTION = YES;
				GCC_WARN_UNUSED_VARIABLE = YES;
				IPHONEOS_DEPLOYMENT_TARGET = 17.2;
				LOCALIZATION_PREFERS_STRING_CATALOGS = YES;
				MTL_ENABLE_DEBUG_INFO = INCLUDE_SOURCE;
				MTL_FAST_MATH = YES;
				ONLY_ACTIVE_ARCH = YES;
				SDKROOT = iphoneos;
				SWIFT_ACTIVE_COMPILATION_CONDITIONS = "DEBUG $(inherited)";
				SWIFT_OPTIMIZATION_LEVEL = "-Onone";
			};
			name = Debug;
		};
		02178DB22B2932CE0044D022 /* Release */ = {
			isa = XCBuildConfiguration;
			buildSettings = {
				ALWAYS_SEARCH_USER_PATHS = NO;
				ASSETCATALOG_COMPILER_GENERATE_SWIFT_ASSET_SYMBOL_EXTENSIONS = YES;
				CLANG_ANALYZER_NONNULL = YES;
				CLANG_ANALYZER_NUMBER_OBJECT_CONVERSION = YES_AGGRESSIVE;
				CLANG_CXX_LANGUAGE_STANDARD = "gnu++20";
				CLANG_ENABLE_MODULES = YES;
				CLANG_ENABLE_OBJC_ARC = YES;
				CLANG_ENABLE_OBJC_WEAK = YES;
				CLANG_WARN_BLOCK_CAPTURE_AUTORELEASING = YES;
				CLANG_WARN_BOOL_CONVERSION = YES;
				CLANG_WARN_COMMA = YES;
				CLANG_WARN_CONSTANT_CONVERSION = YES;
				CLANG_WARN_DEPRECATED_OBJC_IMPLEMENTATIONS = YES;
				CLANG_WARN_DIRECT_OBJC_ISA_USAGE = YES_ERROR;
				CLANG_WARN_DOCUMENTATION_COMMENTS = YES;
				CLANG_WARN_EMPTY_BODY = YES;
				CLANG_WARN_ENUM_CONVERSION = YES;
				CLANG_WARN_INFINITE_RECURSION = YES;
				CLANG_WARN_INT_CONVERSION = YES;
				CLANG_WARN_NON_LITERAL_NULL_CONVERSION = YES;
				CLANG_WARN_OBJC_IMPLICIT_RETAIN_SELF = YES;
				CLANG_WARN_OBJC_LITERAL_CONVERSION = YES;
				CLANG_WARN_OBJC_ROOT_CLASS = YES_ERROR;
				CLANG_WARN_QUOTED_INCLUDE_IN_FRAMEWORK_HEADER = YES;
				CLANG_WARN_RANGE_LOOP_ANALYSIS = YES;
				CLANG_WARN_STRICT_PROTOTYPES = YES;
				CLANG_WARN_SUSPICIOUS_MOVE = YES;
				CLANG_WARN_UNGUARDED_AVAILABILITY = YES_AGGRESSIVE;
				CLANG_WARN_UNREACHABLE_CODE = YES;
				CLANG_WARN__DUPLICATE_METHOD_MATCH = YES;
				COPY_PHASE_STRIP = NO;
				DEBUG_INFORMATION_FORMAT = "dwarf-with-dsym";
				ENABLE_NS_ASSERTIONS = NO;
				ENABLE_STRICT_OBJC_MSGSEND = YES;
				ENABLE_USER_SCRIPT_SANDBOXING = YES;
				GCC_C_LANGUAGE_STANDARD = gnu17;
				GCC_NO_COMMON_BLOCKS = YES;
				GCC_WARN_64_TO_32_BIT_CONVERSION = YES;
				GCC_WARN_ABOUT_RETURN_TYPE = YES_ERROR;
				GCC_WARN_UNDECLARED_SELECTOR = YES;
				GCC_WARN_UNINITIALIZED_AUTOS = YES_AGGRESSIVE;
				GCC_WARN_UNUSED_FUNCTION = YES;
				GCC_WARN_UNUSED_VARIABLE = YES;
				IPHONEOS_DEPLOYMENT_TARGET = 17.2;
				LOCALIZATION_PREFERS_STRING_CATALOGS = YES;
				MTL_ENABLE_DEBUG_INFO = NO;
				MTL_FAST_MATH = YES;
				SDKROOT = iphoneos;
				SWIFT_COMPILATION_MODE = wholemodule;
				VALIDATE_PRODUCT = YES;
			};
			name = Release;
		};
		02178DB42B2932CE0044D022 /* Debug */ = {
			isa = XCBuildConfiguration;
			buildSettings = {
				ASSETCATALOG_COMPILER_APPICON_NAME = AppIcon;
				ASSETCATALOG_COMPILER_GLOBAL_ACCENT_COLOR_NAME = AccentColor;
				CODE_SIGN_STYLE = Automatic;
				CURRENT_PROJECT_VERSION = 1;
				DEVELOPMENT_ASSET_PATHS = "\"InventoryManageriOS/Preview Content\"";
				DEVELOPMENT_TEAM = 54C5LRJ7S7;
				ENABLE_PREVIEWS = YES;
				GENERATE_INFOPLIST_FILE = YES;
				INFOPLIST_KEY_UIApplicationSceneManifest_Generation = YES;
				INFOPLIST_KEY_UIApplicationSupportsIndirectInputEvents = YES;
				INFOPLIST_KEY_UILaunchScreen_Generation = YES;
				INFOPLIST_KEY_UISupportedInterfaceOrientations_iPad = "UIInterfaceOrientationPortrait UIInterfaceOrientationPortraitUpsideDown UIInterfaceOrientationLandscapeLeft UIInterfaceOrientationLandscapeRight";
				INFOPLIST_KEY_UISupportedInterfaceOrientations_iPhone = "UIInterfaceOrientationPortrait UIInterfaceOrientationLandscapeLeft UIInterfaceOrientationLandscapeRight";
				LD_RUNPATH_SEARCH_PATHS = (
					"$(inherited)",
					"@executable_path/Frameworks",
				);
				MARKETING_VERSION = 1.0;
				PRODUCT_BUNDLE_IDENTIFIER = com.KyleZeller.InventoryManageriOS;
				PRODUCT_NAME = "$(TARGET_NAME)";
				SWIFT_EMIT_LOC_STRINGS = YES;
				SWIFT_VERSION = 5.0;
				TARGETED_DEVICE_FAMILY = "1,2";
			};
			name = Debug;
		};
		02178DB52B2932CE0044D022 /* Release */ = {
			isa = XCBuildConfiguration;
			buildSettings = {
				ASSETCATALOG_COMPILER_APPICON_NAME = AppIcon;
				ASSETCATALOG_COMPILER_GLOBAL_ACCENT_COLOR_NAME = AccentColor;
				CODE_SIGN_STYLE = Automatic;
				CURRENT_PROJECT_VERSION = 1;
				DEVELOPMENT_ASSET_PATHS = "\"InventoryManageriOS/Preview Content\"";
				DEVELOPMENT_TEAM = 54C5LRJ7S7;
				ENABLE_PREVIEWS = YES;
				GENERATE_INFOPLIST_FILE = YES;
				INFOPLIST_KEY_UIApplicationSceneManifest_Generation = YES;
				INFOPLIST_KEY_UIApplicationSupportsIndirectInputEvents = YES;
				INFOPLIST_KEY_UILaunchScreen_Generation = YES;
				INFOPLIST_KEY_UISupportedInterfaceOrientations_iPad = "UIInterfaceOrientationPortrait UIInterfaceOrientationPortraitUpsideDown UIInterfaceOrientationLandscapeLeft UIInterfaceOrientationLandscapeRight";
				INFOPLIST_KEY_UISupportedInterfaceOrientations_iPhone = "UIInterfaceOrientationPortrait UIInterfaceOrientationLandscapeLeft UIInterfaceOrientationLandscapeRight";
				LD_RUNPATH_SEARCH_PATHS = (
					"$(inherited)",
					"@executable_path/Frameworks",
				);
				MARKETING_VERSION = 1.0;
				PRODUCT_BUNDLE_IDENTIFIER = com.KyleZeller.InventoryManageriOS;
				PRODUCT_NAME = "$(TARGET_NAME)";
				SWIFT_EMIT_LOC_STRINGS = YES;
				SWIFT_VERSION = 5.0;
				TARGETED_DEVICE_FAMILY = "1,2";
			};
			name = Release;
		};
		02178DB72B2932CE0044D022 /* Debug */ = {
			isa = XCBuildConfiguration;
			buildSettings = {
				ALWAYS_EMBED_SWIFT_STANDARD_LIBRARIES = YES;
				BUNDLE_LOADER = "$(TEST_HOST)";
				CODE_SIGN_STYLE = Automatic;
				CURRENT_PROJECT_VERSION = 1;
				DEVELOPMENT_TEAM = 54C5LRJ7S7;
				GENERATE_INFOPLIST_FILE = YES;
				IPHONEOS_DEPLOYMENT_TARGET = 17.2;
				MARKETING_VERSION = 1.0;
				PRODUCT_BUNDLE_IDENTIFIER = com.KyleZeller.InventoryManageriOSTests;
				PRODUCT_NAME = "$(TARGET_NAME)";
				SWIFT_EMIT_LOC_STRINGS = NO;
				SWIFT_VERSION = 5.0;
				TARGETED_DEVICE_FAMILY = "1,2";
				TEST_HOST = "$(BUILT_PRODUCTS_DIR)/InventoryManageriOS.app/$(BUNDLE_EXECUTABLE_FOLDER_PATH)/InventoryManageriOS";
			};
			name = Debug;
		};
		02178DB82B2932CE0044D022 /* Release */ = {
			isa = XCBuildConfiguration;
			buildSettings = {
				ALWAYS_EMBED_SWIFT_STANDARD_LIBRARIES = YES;
				BUNDLE_LOADER = "$(TEST_HOST)";
				CODE_SIGN_STYLE = Automatic;
				CURRENT_PROJECT_VERSION = 1;
				DEVELOPMENT_TEAM = 54C5LRJ7S7;
				GENERATE_INFOPLIST_FILE = YES;
				IPHONEOS_DEPLOYMENT_TARGET = 17.2;
				MARKETING_VERSION = 1.0;
				PRODUCT_BUNDLE_IDENTIFIER = com.KyleZeller.InventoryManageriOSTests;
				PRODUCT_NAME = "$(TARGET_NAME)";
				SWIFT_EMIT_LOC_STRINGS = NO;
				SWIFT_VERSION = 5.0;
				TARGETED_DEVICE_FAMILY = "1,2";
				TEST_HOST = "$(BUILT_PRODUCTS_DIR)/InventoryManageriOS.app/$(BUNDLE_EXECUTABLE_FOLDER_PATH)/InventoryManageriOS";
			};
			name = Release;
		};
		02178DBA2B2932CE0044D022 /* Debug */ = {
			isa = XCBuildConfiguration;
			buildSettings = {
				ALWAYS_EMBED_SWIFT_STANDARD_LIBRARIES = YES;
				CODE_SIGN_STYLE = Automatic;
				CURRENT_PROJECT_VERSION = 1;
				DEVELOPMENT_TEAM = 54C5LRJ7S7;
				GENERATE_INFOPLIST_FILE = YES;
				MARKETING_VERSION = 1.0;
				PRODUCT_BUNDLE_IDENTIFIER = com.KyleZeller.InventoryManageriOSUITests;
				PRODUCT_NAME = "$(TARGET_NAME)";
				SWIFT_EMIT_LOC_STRINGS = NO;
				SWIFT_VERSION = 5.0;
				TARGETED_DEVICE_FAMILY = "1,2";
				TEST_TARGET_NAME = InventoryManageriOS;
			};
			name = Debug;
		};
		02178DBB2B2932CE0044D022 /* Release */ = {
			isa = XCBuildConfiguration;
			buildSettings = {
				ALWAYS_EMBED_SWIFT_STANDARD_LIBRARIES = YES;
				CODE_SIGN_STYLE = Automatic;
				CURRENT_PROJECT_VERSION = 1;
				DEVELOPMENT_TEAM = 54C5LRJ7S7;
				GENERATE_INFOPLIST_FILE = YES;
				MARKETING_VERSION = 1.0;
				PRODUCT_BUNDLE_IDENTIFIER = com.KyleZeller.InventoryManageriOSUITests;
				PRODUCT_NAME = "$(TARGET_NAME)";
				SWIFT_EMIT_LOC_STRINGS = NO;
				SWIFT_VERSION = 5.0;
				TARGETED_DEVICE_FAMILY = "1,2";
				TEST_TARGET_NAME = InventoryManageriOS;
			};
			name = Release;
		};
/* End XCBuildConfiguration section */

/* Begin XCConfigurationList section */
		02178D8A2B2932CC0044D022 /* Build configuration list for PBXProject "InventoryManageriOS" */ = {
			isa = XCConfigurationList;
			buildConfigurations = (
				02178DB12B2932CE0044D022 /* Debug */,
				02178DB22B2932CE0044D022 /* Release */,
			);
			defaultConfigurationIsVisible = 0;
			defaultConfigurationName = Release;
		};
		02178DB32B2932CE0044D022 /* Build configuration list for PBXNativeTarget "InventoryManageriOS" */ = {
			isa = XCConfigurationList;
			buildConfigurations = (
				02178DB42B2932CE0044D022 /* Debug */,
				02178DB52B2932CE0044D022 /* Release */,
			);
			defaultConfigurationIsVisible = 0;
			defaultConfigurationName = Release;
		};
		02178DB62B2932CE0044D022 /* Build configuration list for PBXNativeTarget "InventoryManageriOSTests" */ = {
			isa = XCConfigurationList;
			buildConfigurations = (
				02178DB72B2932CE0044D022 /* Debug */,
				02178DB82B2932CE0044D022 /* Release */,
			);
			defaultConfigurationIsVisible = 0;
			defaultConfigurationName = Release;
		};
		02178DB92B2932CE0044D022 /* Build configuration list for PBXNativeTarget "InventoryManageriOSUITests" */ = {
			isa = XCConfigurationList;
			buildConfigurations = (
				02178DBA2B2932CE0044D022 /* Debug */,
				02178DBB2B2932CE0044D022 /* Release */,
			);
			defaultConfigurationIsVisible = 0;
			defaultConfigurationName = Release;
		};
/* End XCConfigurationList section */
	};
	rootObject = 02178D872B2932CC0044D022 /* Project object */;
}
